version = 1
revision = 3
requires-python = ">=3.13"

[[package]]
name = "mysql-connector-python"
version = "9.6.0"
source = { registry = "https://pypi.org/simple" }
sdist = { url = "https://files.pythonhosted.org/packages/6f/6e/c89babc7de3df01467d159854414659c885152579903a8220c8db02a3835/mysql_connector_python-9.6.0.tar.gz", hash = "sha256:c453bb55347174d87504b534246fb10c589daf5d057515bf615627198a3c7ef1", size = 12254999, upload-time = "2026-02-10T12:04:52.63Z" }
wheels = [
    { url = "https://files.pythonhosted.org/packages/2f/58/9521aa678708ec6cebfd40524c14c3d151e4f29e3774e6086aa0a30d203b/mysql_connector_python-9.6.0-cp313-cp313-macosx_14_0_arm64.whl", hash = "sha256:e86e45a7b540ca09af8a18ecfa761e0cdeccfdb62818331614ec030ae44bfd26", size = 17585837, upload-time = "2026-02-10T12:04:07.004Z" },
    { url = "https://files.pythonhosted.org/packages/39/8d/b108f9bcce9780f6a1f91decb2af54defdaf845e237ddc42f2b4578f1cd7/mysql_connector_python-9.6.0-cp313-cp313-macosx_14_0_x86_64.whl", hash = "sha256:8d3e9252384e1b7f95b07020664f2673d9c29c5e95eeda2e048b3331e190b9d4", size = 18452844, upload-time = "2026-02-10T12:04:09.418Z" },
    { url = "https://files.pythonhosted.org/packages/d6/28/735cd93d16e76dc2feb4abb3f1229a1d9475af34d80c26712fec6abe1d70/mysql_connector_python-9.6.0-cp313-cp313-manylinux_2_28_aarch64.whl", hash = "sha256:0fa18ead33cb699ea92005695077cef09aa494eebf51164ee30c891c3eaea90c", size = 34169374, upload-time = "2026-02-10T12:04:12.13Z" },
    { url = "https://files.pythonhosted.org/packages/42/07/069983799cf4050c68f61a494f94b06f095fee6026ab0dd863a14de30867/mysql_connector_python-9.6.0-cp313-cp313-manylinux_2_28_x86_64.whl", hash = "sha256:a26490cb029bf7b18a1d2093101105b3526a1036b51ad01553d30138f5beb8d2", size = 34543019, upload-time = "2026-02-10T12:04:15.065Z" },
    { url = "https://files.pythonhosted.org/packages/32/00/fbeb7d666ab8153f719e620bac5abfbc74640e8ec511612493110a75fe66/mysql_connector_python-9.6.0-cp313-cp313-win_amd64.whl", hash = "sha256:3460ed976e1b88b7284335d9397a3c519dff56d71580ca1f76ff1c0c7714c813", size = 16515701, upload-time = "2026-02-10T12:04:19.26Z" },
    { url = "https://files.pythonhosted.org/packages/70/51/13cc90b2a703784cd9a0aa0a6fce07946cf6a2abe7c8fd0b585562e250fc/mysql_connector_python-9.6.0-cp314-cp314-macosx_14_0_arm64.whl", hash = "sha256:e2cc13cd3dcdb845d636e52c4e7a9509b63da09bec6ce1b3696be53a79847e2d", size = 17585800, upload-time = "2026-02-10T12:04:21.6Z" },
    { url = "https://files.pythonhosted.org/packages/c8/6b/ce7ab998fbdd17f35a1b54624365d039045cbb2d42bbc7b03f50d7597c7b/mysql_connector_python-9.6.0-cp314-cp314-macosx_14_0_x86_64.whl", hash = "sha256:a08c2149d4b52a010c4353f18c84716d18114a4ecd00b466ea34138de2c640f2", size = 18452823, upload-time = "2026-02-10T12:04:23.995Z" },
    { url = "https://files.pythonhosted.org/packages/f9/bf/8157ed61d17878c33511dcb97c68ecaaaf6220bea5a2944ea4eba73cc63a/mysql_connector_python-9.6.0-cp314-cp314-manylinux_2_28_aarch64.whl", hash = "sha256:b00228b985edd208b20f45c5e684c54e08e31e01bc1d8c3c18a36641c3be5bf7", size = 34171594, upload-time = "2026-02-10T12:04:27.401Z" },
    { url = "https://files.pythonhosted.org/packages/f7/06/5efdd28819afdb9f1487a62842fda4277febe128a3cd6e9090dbe0a6524e/mysql_connector_python-9.6.0-cp314-cp314-manylinux_2_28_x86_64.whl", hash = "sha256:4617ef5216da7ca32dd46afda61a1552807762434127413bba46fbe4379f59d4", size = 34542851, upload-time = "2026-02-10T12:04:31.021Z" },
    { url = "https://files.pythonhosted.org/packages/40/6a/26e08a4a79f159cd8e5b64eb10bd056e7735b65d4464d98641f59eb9ca3a/mysql_connector_python-9.6.0-cp314-cp314-win_amd64.whl", hash = "sha256:bc782f64ca00b6b933d4c6a35568f1349d115cc4434c849b5b9edc015bee3e62", size = 17002947, upload-time = "2026-02-10T12:04:34.386Z" },
    { url = "https://files.pythonhosted.org/packages/15/dd/b3250826c29cee7816de4409a2fe5e469a68b9a89f6bfaa5eed74f05532c/mysql_connector_python-9.6.0-py2.py3-none-any.whl", hash = "sha256:44b0fb57207ebc6ae05b5b21b7968a9ed33b29187fe87b38951bad2a334d75d5", size = 480527, upload-time = "2026-02-10T12:04:36.176Z" },
]

[[package]]
name = "python-dotenv"
version = "1.2.2"
source = { registry = "https://pypi.org/simple" }
sdist = { url = "https://files.pythonhosted.org/packages/82/ed/0301aeeac3e5353ef3d94b6ec08bbcabd04a72018415dcb29e588514bba8/python_dotenv-1.2.2.tar.gz", hash = "sha256:2c371a91fbd7ba082c2c1dc1f8bf89ca22564a087c2c287cd9b662adde799cf3", size = 50135, upload-time = "2026-03-01T16:00:26.196Z" }
wheels = [
    { url = "https://files.pythonhosted.org/packages/0b/d7/1959b9648791274998a9c3526f6d0ec8fd2233e4d4acce81bbae76b44b2a/python_dotenv-1.2.2-py3-none-any.whl", hash = "sha256:1d8214789a24de455a8b8bd8ae6fe3c6b69a5e3d64aa8a8e5d68e694bbcb285a", size = 22101, upload-time = "2026-03-01T16:00:25.09Z" },
]

[[package]]
name = "python-playbook"
version = "0.1.0"
source = { virtual = "." }
dependencies = [
    { name = "mysql-connector-python" },
    { name = "python-dotenv" },
]

[package.metadata]
requires-dist = [
    { name = "mysql-connector-python", specifier = ">=9.6.0" },
    { name = "python-dotenv", specifier = ">=1.2.2" },
]
